<?xml version="1.0" encoding="utf-8"?>
<Project ToolsVersion="4.0" xmlns="http://schemas.microsoft.com/developer/msbuild/2003">
  <ItemGroup>
    <Filter Include="Resource Files">
      <UniqueIdentifier>{67DA6AB6-F800-4c08-8B7A-83BB121AAD01}</UniqueIdentifier>
      <Extensions>rc;ico;cur;bmp;dlg;rc2;rct;bin;rgs;gif;jpg;jpeg;jpe;resx;tiff;tif;png;wav;mfcribbon-ms</Extensions>
    </Filter>
    <Filter Include="Source">
      <UniqueIdentifier>{8f6e4552-068c-4fa5-9526-e118fe2c6768}</UniqueIdentifier>
    </Filter>
  </ItemGroup>
  <ItemGroup>
    <ClCompile Include="main.cpp" />
    <ClCompile Include="util\alignmenthelp.cpp" />
    <ClCompile Include="util\platform.cpp" />
    <ClCompile Include="util\string.cpp" />
    <ClCompile Include="util\vectormath.cpp" />
    <ClCompile Include="game\program.cpp" />
    <ClCompile Include="game\difficulty.cpp" />
    <ClCompile Include="game\gamemanager.cpp" />
    <ClCompile Include="game\mode\gamemode.cpp" />
    <ClCompile Include="game\mode\runningmode.cpp" />
    <ClCompile Include="game\mode\shopmode.cpp" />
    <ClCompile Include="game\overlay\scoreoverlay.cpp" />
    <ClCompile Include="game\overlay\temporaryoverlay.cpp" />
    <ClCompile Include="game\overlay\uioverlay.cpp" />
    <ClCompile Include="game\overlay\winoverlay.cpp" />
    <ClCompile Include="game\resourcecache.cpp" />
    <ClCompile Include="game\soundmanager.cpp" />
    <ClCompile Include="game\animation\animatedsprite.cpp" />
    <ClCompile Include="game\animation\animationsheet.cpp" />
    <ClCompile Include="game\inputhandler.cpp" />
    <ClCompile Include="game\ui\button.cpp" />
    <ClCompile Include="game\ui\carousel.cpp" />
    <ClCompile Include="game\ui\currencydisplayer.cpp" />
    <ClCompile Include="game\ui\gameovermessage.cpp" />
    <ClCompile Include="game\ui\informationcard.cpp" />
    <ClCompile Include="game\ui\purchasebutton.cpp" />
    <ClCompile Include="game\ui\scorebubble.cpp" />
    <ClCompile Include="game\ui\textbutton.cpp" />
    <ClCompile Include="game\ui\upgradetile.cpp" />
    <ClCompile Include="game\obstacle\base\baseobstacle.cpp" />
    <ClCompile Include="game\obstacle\base\gestureobstacle.cpp" />
    <ClCompile Include="game\obstacle\base\gesturesensorobstacle.cpp" />
    <ClCompile Include="game\obstacle\base\obstacletype.cpp" />
    <ClCompile Include="game\obstacle\doorobstacle.cpp" />
    <ClCompile Include="game\obstacle\furnitureobstacle.cpp" />
    <ClCompile Include="game\obstacle\lightobstacle.cpp" />
    <ClCompile Include="game\obstacle\obstaclespawner.cpp" />
    <ClCompile Include="game\obstacle\phoneobstacle.cpp" />
    <ClCompile Include="game\player\playerinventory.cpp" />
    <ClCompile Include="game\player\playerscore.cpp" />
    <ClCompile Include="game\player\playersprite.cpp" />
    <ClCompile Include="game\player\upgrades.cpp" />
    <ClCompile Include="game\scenery\background.cpp" />
  </ItemGroup>
  <ItemGroup>
    <ClInclude Include="util\alignmenthelp.hpp" />
    <ClInclude Include="util\platform.hpp" />
    <ClInclude Include="util\string.hpp" />
    <ClInclude Include="util\vectormath.hpp" />
    <ClInclude Include="game\program.hpp" />
    <ClInclude Include="game\gamemanager.hpp" />
    <ClInclude Include="game\difficulty.hpp" />
    <ClInclude Include="game\mode\gamemode.hpp" />
    <ClInclude Include="game\mode\runningmode.hpp" />
    <ClInclude Include="game\mode\shopmode.hpp" />
    <ClInclude Include="game\overlay\scoreoverlay.hpp" />
    <ClInclude Include="game\overlay\temporaryoverlay.hpp" />
    <ClInclude Include="game\overlay\uioverlay.hpp" />
    <ClInclude Include="game\overlay\winoverlay.hpp" />
    <ClInclude Include="game\resourcecache.hpp" />
    <ClInclude Include="game\soundmanager.hpp" />
    <ClInclude Include="game\animation\animatedsprite.hpp" />
    <ClInclude Include="game\animation\animationsheet.hpp" />
    <ClInclude Include="game\inputhandler.hpp" />
    <ClInclude Include="game\ui\button.hpp" />
    <ClInclude Include="game\ui\carousel.hpp" />
    <ClInclude Include="game\ui\currencydisplayer.hpp" />
    <ClInclude Include="game\ui\gameovermessage.hpp" />
    <ClInclude Include="game\ui\informationcard.hpp" />
    <ClInclude Include="game\ui\purchasebutton.hpp" />
    <ClInclude Include="game\ui\salestile.hpp" />
    <ClInclude Include="game\ui\scorebubble.hpp" />
    <ClInclude Include="game\ui\textbutton.hpp" />
    <ClInclude Include="game\ui\upgradetile.hpp" />
    <ClInclude Include="game\obstacle\base\baseobstacle.hpp" />
    <ClInclude Include="game\obstacle\base\gestureobstacle.hpp" />
    <ClInclude Include="game\obstacle\base\gesturesensorobstacle.hpp" />
    <ClInclude Include="game\obstacle\base\obstacletype.hpp" />
    <ClInclude Include="game\obstacle\doorobstacle.hpp" />
    <ClInclude Include="game\obstacle\furnitureobstacle.hpp" />
    <ClInclude Include="game\obstacle\lightobstacle.hpp" />
    <ClInclude Include="game\obstacle\obstacles.hpp" />
    <ClInclude Include="game\obstacle\obstaclespawner.hpp" />
    <ClInclude Include="game\obstacle\phoneobstacle.hpp" />
    <ClInclude Include="game\player\playerinventory.hpp" />
    <ClInclude Include="game\player\playerscore.hpp" />
    <ClInclude Include="game\player\playersprite.hpp" />
    <ClInclude Include="game\player\upgrades.hpp" />
    <ClInclude Include="game\scenery\background.hpp" />
  </ItemGroup>
</Project>